
Microsoft Visual Studio Solution File, Format Version 11.00
# Visual Studio 2010
Project("{2150E333-8FDC-42A3-9474-1A3956D46DE8}") = "Schemas", "Schemas", "{89452066-C6DE-41DD-B454-D49641D71866}"
EndProject
Project("{FAE04EC0-301F-11D3-BF4B-00C04F79EFBC}") = "CareManagement.Model", "CareManagement.Model\CareManagement.Model.csproj", "{3F51A180-A4AF-4E62-9024-EE5F0366B890}"
EndProject
Project("{2150E333-8FDC-42A3-9474-1A3956D46DE8}") = "Solution Items", "Solution Items", "{BDE4BF8A-5081-4B7F-A9D8-011D7C94F6DF}"
	ProjectSection(SolutionItems) = preProject
		ProjectMapping.xml = ProjectMapping.xml
		ProjectMapping.xsd = ProjectMapping.xsd
	EndProjectSection
EndProject
Project("{2150E333-8FDC-42A3-9474-1A3956D46DE8}") = "Service", "Service", "{C0DA2788-F1DB-4F26-B365-FC69B37BFE93}"
EndProject
Project("{2150E333-8FDC-42A3-9474-1A3956D46DE8}") = "Source", "Source", "{2BB54CD7-232B-40BB-9962-620B8192E939}"
EndProject
Project("{2150E333-8FDC-42A3-9474-1A3956D46DE8}") = "Service Interface", "Service Interface", "{CA7A79AF-8F40-4CBE-B305-43C08CE16F56}"
EndProject
Project("{FAE04EC0-301F-11D3-BF4B-00C04F79EFBC}") = "Service.DataContracts", "Service\Source\Service Interface\Service.DataContracts\Service.DataContracts.csproj", "{79CDAA60-9CAA-41DE-9E22-7B0E1E1370A6}"
EndProject
Project("{FAE04EC0-301F-11D3-BF4B-00C04F79EFBC}") = "Service.FaultContracts", "Service\Source\Service Interface\Service.FaultContracts\Service.FaultContracts.csproj", "{FC4DF1F6-FFD7-4F36-BD9B-9EDCF658585A}"
EndProject
Project("{FAE04EC0-301F-11D3-BF4B-00C04F79EFBC}") = "Service.MessageContracts", "Service\Source\Service Interface\Service.MessageContracts\Service.MessageContracts.csproj", "{F286DAB9-86C3-41E0-87A8-CA189DBD16CB}"
EndProject
Project("{FAE04EC0-301F-11D3-BF4B-00C04F79EFBC}") = "Service.ServiceImplementation", "Service\Source\Service Interface\Service.ServiceImplementation\Service.ServiceImplementation.csproj", "{BB3FDDFA-3570-4D98-9EA0-DD9E28D1FE3F}"
EndProject
Project("{FAE04EC0-301F-11D3-BF4B-00C04F79EFBC}") = "Service.ServiceContracts", "Service\Source\Service Interface\Service.ServiceContracts\Service.ServiceContracts.csproj", "{578F9393-D58D-4188-87DD-8C59E5F9F496}"
EndProject
Project("{2150E333-8FDC-42A3-9474-1A3956D46DE8}") = "Tests", "Tests", "{A510A994-B583-4B7A-8EC1-7F55CD465154}"
EndProject
Project("{E24C65DC-7377-472B-9ABA-BC803B73C61A}") = "Service.Host", "Service\Tests\Service.Host\", "{2A0B83B7-60E3-4958-BDDF-E507F255DCF8}"
	ProjectSection(WebsiteProperties) = preProject
		TargetFrameworkMoniker = ".NETFramework,Version%3Dv4.0"
		ProjectReferences = "{BB3FDDFA-3570-4D98-9EA0-DD9E28D1FE3F}|Service.ServiceImplementation.ServiceImplementation.dll;{79CDAA60-9CAA-41DE-9E22-7B0E1E1370A6}|Service.DataContracts.DataContracts.dll;{FC4DF1F6-FFD7-4F36-BD9B-9EDCF658585A}|Service.FaultContracts.FaultContracts.dll;{F286DAB9-86C3-41E0-87A8-CA189DBD16CB}|Service.MessageContracts.MessageContracts.dll;{578F9393-D58D-4188-87DD-8C59E5F9F496}|Service.ServiceContracts.ServiceContracts.dll;{A844CD45-EDA4-4FA9-9DC7-E5EE299DE3DC}|Infrastructure.Model.dll;{0CD88831-F3C4-465C-949B-23E567DC28FD}|Infrastructure.Helpers.dll;{B8FC01F6-FC7D-46FF-900F-5A5A6DC02F65}|Data.Repository.dll;{EA68B403-46DF-4C40-A652-E36BAFC57D32}|Infrastructure.Logging.dll;{150FD2E9-3497-474A-9A10-9E2CE8F49E9C}|BusinessLogic.Account.dll;{D273A314-DF97-49C1-B5E2-F365BE7A2713}|BusinessLogic.Helpers.dll;{ACD3B600-1870-4F4C-A493-432CE2D8A1EA}|Infrastructure.Security.dll;{AED9F645-99C6-4172-8D18-2F8BDD7922A2}|BusinessLogic.Insurance.dll;{A0CB42A8-2BD4-468E-83C0-73F19BC83202}|BusinessLogic.Medical.dll;{50CBCC3F-6043-40F2-9A88-EE2B27F928B4}|BusinessLogic.Prescription.dll;"
		Debug.AspNetCompiler.VirtualPath = "/Service.Host"
		Debug.AspNetCompiler.PhysicalPath = "Service\Tests\Service.Host\"
		Debug.AspNetCompiler.TargetPath = "PrecompiledWeb\Service.Host\"
		Debug.AspNetCompiler.Updateable = "true"
		Debug.AspNetCompiler.ForceOverwrite = "true"
		Debug.AspNetCompiler.FixedNames = "false"
		Debug.AspNetCompiler.Debug = "True"
		Release.AspNetCompiler.VirtualPath = "/Service.Host"
		Release.AspNetCompiler.PhysicalPath = "Service\Tests\Service.Host\"
		Release.AspNetCompiler.TargetPath = "PrecompiledWeb\Service.Host\"
		Release.AspNetCompiler.Updateable = "true"
		Release.AspNetCompiler.ForceOverwrite = "true"
		Release.AspNetCompiler.FixedNames = "false"
		Release.AspNetCompiler.Debug = "False"
		VWDPort = "4538"
		DefaultWebSiteLanguage = "Visual C#"
	EndProjectSection
EndProject
Project("{FAE04EC0-301F-11D3-BF4B-00C04F79EFBC}") = "Service.Client", "Service\Tests\Service.Client\Service.Client.csproj", "{2CA91385-4DF3-4EDF-BDE5-5A425B996956}"
	ProjectSection(ProjectDependencies) = postProject
		{B973AE3D-E411-4549-A709-22723A92154E} = {B973AE3D-E411-4549-A709-22723A92154E}
		{2A0B83B7-60E3-4958-BDDF-E507F255DCF8} = {2A0B83B7-60E3-4958-BDDF-E507F255DCF8}
	EndProjectSection
EndProject
Project("{2150E333-8FDC-42A3-9474-1A3956D46DE8}") = "Functional Tests", "Functional Tests", "{F0C3232D-A89A-4ED5-A654-6F4959E153D2}"
EndProject
Project("{2150E333-8FDC-42A3-9474-1A3956D46DE8}") = "Unit Tests", "Unit Tests", "{7F993935-AD74-4AFE-AB7B-CDEE061CC421}"
EndProject
Project("{2150E333-8FDC-42A3-9474-1A3956D46DE8}") = "Data", "Data", "{C1AB7B6D-2E4D-480E-A849-EAD2C40FBC4B}"
EndProject
Project("{2150E333-8FDC-42A3-9474-1A3956D46DE8}") = "BusinessLogic", "BusinessLogic", "{5AF19B03-758B-4FBC-98DD-54EE60ACA5A3}"
EndProject
Project("{2150E333-8FDC-42A3-9474-1A3956D46DE8}") = "Infrastructure", "Infrastructure", "{4A0B359E-5163-494B-8C85-4B6432F1CF0A}"
EndProject
Project("{FAE04EC0-301F-11D3-BF4B-00C04F79EFBC}") = "Infrastructure.Model", "Infrastructure\Infrastructure.Model\Infrastructure.Model.csproj", "{A844CD45-EDA4-4FA9-9DC7-E5EE299DE3DC}"
EndProject
Project("{FAE04EC0-301F-11D3-BF4B-00C04F79EFBC}") = "Infrastructure.Helpers", "Infrastructure\Infrastructure.Helpers\Infrastructure.Helpers.csproj", "{0CD88831-F3C4-465C-949B-23E567DC28FD}"
EndProject
Project("{FAE04EC0-301F-11D3-BF4B-00C04F79EFBC}") = "BusinessLogic.Account", "BusinessLogic\BusinessLogic.Account\BusinessLogic.Account.csproj", "{150FD2E9-3497-474A-9A10-9E2CE8F49E9C}"
EndProject
Project("{FAE04EC0-301F-11D3-BF4B-00C04F79EFBC}") = "BusinessLogic.Insurance", "BusinessLogic\BusinessLogic.Insurance\BusinessLogic.Insurance.csproj", "{AED9F645-99C6-4172-8D18-2F8BDD7922A2}"
EndProject
Project("{FAE04EC0-301F-11D3-BF4B-00C04F79EFBC}") = "BusinessLogic.Medical", "BusinessLogic\BusinessLogic.Medical\BusinessLogic.Medical.csproj", "{A0CB42A8-2BD4-468E-83C0-73F19BC83202}"
EndProject
Project("{FAE04EC0-301F-11D3-BF4B-00C04F79EFBC}") = "BusinessLogic.Prescription", "BusinessLogic\BusinessLogic.Prescription\BusinessLogic.Prescription.csproj", "{50CBCC3F-6043-40F2-9A88-EE2B27F928B4}"
EndProject
Project("{FAE04EC0-301F-11D3-BF4B-00C04F79EFBC}") = "Data.Repository", "Data\Data.Repository\Data.Repository.csproj", "{B8FC01F6-FC7D-46FF-900F-5A5A6DC02F65}"
EndProject
Project("{C8D11400-126E-41CD-887F-60BD40844F9E}") = "CareManagementDatabase", "Data\CareManagementDatabase\CareManagementDatabase.dbproj", "{67CBC824-A49E-4E9B-A947-360F3DFE65C3}"
EndProject
Project("{FAE04EC0-301F-11D3-BF4B-00C04F79EFBC}") = "Infrastructure.Logging", "Infrastructure\Infrastructure.Logging\Infrastructure.Logging.csproj", "{EA68B403-46DF-4C40-A652-E36BAFC57D32}"
EndProject
Project("{FAE04EC0-301F-11D3-BF4B-00C04F79EFBC}") = "BusinessLogic.Helpers", "BusinessLogic\BusinessLogic.Helpers\BusinessLogic.Helpers.csproj", "{D273A314-DF97-49C1-B5E2-F365BE7A2713}"
EndProject
Project("{FAE04EC0-301F-11D3-BF4B-00C04F79EFBC}") = "Infrastructure.Security", "Infrastructure\Infrastructure.Security\Infrastructure.Security.csproj", "{ACD3B600-1870-4F4C-A493-432CE2D8A1EA}"
EndProject
Project("{FAE04EC0-301F-11D3-BF4B-00C04F79EFBC}") = "BusinessLogic.Appointments", "BusinessLogic\BusinessLogic.Appointments\BusinessLogic.Appointments.csproj", "{C3EFE424-3711-405A-9891-E38CD6639DA8}"
EndProject
Project("{FAE04EC0-301F-11D3-BF4B-00C04F79EFBC}") = "TestWcfServiceApplication", "Service\Tests\TestWcfServiceApplication\TestWcfServiceApplication.csproj", "{B973AE3D-E411-4549-A709-22723A92154E}"
EndProject
Project("{C8D11400-126E-41CD-887F-60BD40844F9E}") = "CareManagementServer", "Data\CareManagementServer\CareManagementServer.dbproj", "{DFE77D58-50C8-4506-8A1F-76B57AC66236}"
EndProject
Project("{2150E333-8FDC-42A3-9474-1A3956D46DE8}") = "Web", "Web", "{96C77214-4F29-49CF-9AA5-086148D0AF74}"
EndProject
Project("{FAE04EC0-301F-11D3-BF4B-00C04F79EFBC}") = "caremanagement.bradenstrust.org", "Web\caremanagement.bradenstrust.org\caremanagement.bradenstrust.org.csproj", "{032F1BD2-B3BB-4282-91D3-D5E18DC4C1CD}"
	ProjectSection(ProjectDependencies) = postProject
		{EE6DBCC0-ED04-4700-8F96-517782A5CC8F} = {EE6DBCC0-ED04-4700-8F96-517782A5CC8F}
	EndProjectSection
EndProject
Project("{FAE04EC0-301F-11D3-BF4B-00C04F79EFBC}") = "service.bradenstrust.org", "Web\service.bradenstrust.org\service.bradenstrust.org.csproj", "{EE6DBCC0-ED04-4700-8F96-517782A5CC8F}"
EndProject
Global
	GlobalSection(SolutionConfigurationPlatforms) = preSolution
		Debug|Any CPU = Debug|Any CPU
		Release|Any CPU = Release|Any CPU
	EndGlobalSection
	GlobalSection(ProjectConfigurationPlatforms) = postSolution
		{3F51A180-A4AF-4E62-9024-EE5F0366B890}.Debug|Any CPU.ActiveCfg = Debug|Any CPU
		{3F51A180-A4AF-4E62-9024-EE5F0366B890}.Debug|Any CPU.Build.0 = Debug|Any CPU
		{3F51A180-A4AF-4E62-9024-EE5F0366B890}.Release|Any CPU.ActiveCfg = Release|Any CPU
		{3F51A180-A4AF-4E62-9024-EE5F0366B890}.Release|Any CPU.Build.0 = Release|Any CPU
		{79CDAA60-9CAA-41DE-9E22-7B0E1E1370A6}.Debug|Any CPU.ActiveCfg = Debug|Any CPU
		{79CDAA60-9CAA-41DE-9E22-7B0E1E1370A6}.Debug|Any CPU.Build.0 = Debug|Any CPU
		{79CDAA60-9CAA-41DE-9E22-7B0E1E1370A6}.Release|Any CPU.ActiveCfg = Release|Any CPU
		{79CDAA60-9CAA-41DE-9E22-7B0E1E1370A6}.Release|Any CPU.Build.0 = Release|Any CPU
		{FC4DF1F6-FFD7-4F36-BD9B-9EDCF658585A}.Debug|Any CPU.ActiveCfg = Debug|Any CPU
		{FC4DF1F6-FFD7-4F36-BD9B-9EDCF658585A}.Debug|Any CPU.Build.0 = Debug|Any CPU
		{FC4DF1F6-FFD7-4F36-BD9B-9EDCF658585A}.Release|Any CPU.ActiveCfg = Release|Any CPU
		{FC4DF1F6-FFD7-4F36-BD9B-9EDCF658585A}.Release|Any CPU.Build.0 = Release|Any CPU
		{F286DAB9-86C3-41E0-87A8-CA189DBD16CB}.Debug|Any CPU.ActiveCfg = Debug|Any CPU
		{F286DAB9-86C3-41E0-87A8-CA189DBD16CB}.Debug|Any CPU.Build.0 = Debug|Any CPU
		{F286DAB9-86C3-41E0-87A8-CA189DBD16CB}.Release|Any CPU.ActiveCfg = Release|Any CPU
		{F286DAB9-86C3-41E0-87A8-CA189DBD16CB}.Release|Any CPU.Build.0 = Release|Any CPU
		{BB3FDDFA-3570-4D98-9EA0-DD9E28D1FE3F}.Debug|Any CPU.ActiveCfg = Debug|Any CPU
		{BB3FDDFA-3570-4D98-9EA0-DD9E28D1FE3F}.Debug|Any CPU.Build.0 = Debug|Any CPU
		{BB3FDDFA-3570-4D98-9EA0-DD9E28D1FE3F}.Release|Any CPU.ActiveCfg = Release|Any CPU
		{BB3FDDFA-3570-4D98-9EA0-DD9E28D1FE3F}.Release|Any CPU.Build.0 = Release|Any CPU
		{578F9393-D58D-4188-87DD-8C59E5F9F496}.Debug|Any CPU.ActiveCfg = Debug|Any CPU
		{578F9393-D58D-4188-87DD-8C59E5F9F496}.Debug|Any CPU.Build.0 = Debug|Any CPU
		{578F9393-D58D-4188-87DD-8C59E5F9F496}.Release|Any CPU.ActiveCfg = Release|Any CPU
		{578F9393-D58D-4188-87DD-8C59E5F9F496}.Release|Any CPU.Build.0 = Release|Any CPU
		{2A0B83B7-60E3-4958-BDDF-E507F255DCF8}.Debug|Any CPU.ActiveCfg = Debug|Any CPU
		{2A0B83B7-60E3-4958-BDDF-E507F255DCF8}.Debug|Any CPU.Build.0 = Debug|Any CPU
		{2A0B83B7-60E3-4958-BDDF-E507F255DCF8}.Release|Any CPU.ActiveCfg = Debug|Any CPU
		{2A0B83B7-60E3-4958-BDDF-E507F255DCF8}.Release|Any CPU.Build.0 = Debug|Any CPU
		{2CA91385-4DF3-4EDF-BDE5-5A425B996956}.Debug|Any CPU.ActiveCfg = Debug|Any CPU
		{2CA91385-4DF3-4EDF-BDE5-5A425B996956}.Debug|Any CPU.Build.0 = Debug|Any CPU
		{2CA91385-4DF3-4EDF-BDE5-5A425B996956}.Release|Any CPU.ActiveCfg = Release|Any CPU
		{2CA91385-4DF3-4EDF-BDE5-5A425B996956}.Release|Any CPU.Build.0 = Release|Any CPU
		{A844CD45-EDA4-4FA9-9DC7-E5EE299DE3DC}.Debug|Any CPU.ActiveCfg = Debug|Any CPU
		{A844CD45-EDA4-4FA9-9DC7-E5EE299DE3DC}.Debug|Any CPU.Build.0 = Debug|Any CPU
		{A844CD45-EDA4-4FA9-9DC7-E5EE299DE3DC}.Release|Any CPU.ActiveCfg = Release|Any CPU
		{A844CD45-EDA4-4FA9-9DC7-E5EE299DE3DC}.Release|Any CPU.Build.0 = Release|Any CPU
		{0CD88831-F3C4-465C-949B-23E567DC28FD}.Debug|Any CPU.ActiveCfg = Debug|Any CPU
		{0CD88831-F3C4-465C-949B-23E567DC28FD}.Debug|Any CPU.Build.0 = Debug|Any CPU
		{0CD88831-F3C4-465C-949B-23E567DC28FD}.Release|Any CPU.ActiveCfg = Release|Any CPU
		{0CD88831-F3C4-465C-949B-23E567DC28FD}.Release|Any CPU.Build.0 = Release|Any CPU
		{150FD2E9-3497-474A-9A10-9E2CE8F49E9C}.Debug|Any CPU.ActiveCfg = Debug|Any CPU
		{150FD2E9-3497-474A-9A10-9E2CE8F49E9C}.Debug|Any CPU.Build.0 = Debug|Any CPU
		{150FD2E9-3497-474A-9A10-9E2CE8F49E9C}.Release|Any CPU.ActiveCfg = Release|Any CPU
		{150FD2E9-3497-474A-9A10-9E2CE8F49E9C}.Release|Any CPU.Build.0 = Release|Any CPU
		{AED9F645-99C6-4172-8D18-2F8BDD7922A2}.Debug|Any CPU.ActiveCfg = Debug|Any CPU
		{AED9F645-99C6-4172-8D18-2F8BDD7922A2}.Debug|Any CPU.Build.0 = Debug|Any CPU
		{AED9F645-99C6-4172-8D18-2F8BDD7922A2}.Release|Any CPU.ActiveCfg = Release|Any CPU
		{AED9F645-99C6-4172-8D18-2F8BDD7922A2}.Release|Any CPU.Build.0 = Release|Any CPU
		{A0CB42A8-2BD4-468E-83C0-73F19BC83202}.Debug|Any CPU.ActiveCfg = Debug|Any CPU
		{A0CB42A8-2BD4-468E-83C0-73F19BC83202}.Debug|Any CPU.Build.0 = Debug|Any CPU
		{A0CB42A8-2BD4-468E-83C0-73F19BC83202}.Release|Any CPU.ActiveCfg = Release|Any CPU
		{A0CB42A8-2BD4-468E-83C0-73F19BC83202}.Release|Any CPU.Build.0 = Release|Any CPU
		{50CBCC3F-6043-40F2-9A88-EE2B27F928B4}.Debug|Any CPU.ActiveCfg = Debug|Any CPU
		{50CBCC3F-6043-40F2-9A88-EE2B27F928B4}.Debug|Any CPU.Build.0 = Debug|Any CPU
		{50CBCC3F-6043-40F2-9A88-EE2B27F928B4}.Release|Any CPU.ActiveCfg = Release|Any CPU
		{50CBCC3F-6043-40F2-9A88-EE2B27F928B4}.Release|Any CPU.Build.0 = Release|Any CPU
		{B8FC01F6-FC7D-46FF-900F-5A5A6DC02F65}.Debug|Any CPU.ActiveCfg = Debug|Any CPU
		{B8FC01F6-FC7D-46FF-900F-5A5A6DC02F65}.Debug|Any CPU.Build.0 = Debug|Any CPU
		{B8FC01F6-FC7D-46FF-900F-5A5A6DC02F65}.Release|Any CPU.ActiveCfg = Release|Any CPU
		{B8FC01F6-FC7D-46FF-900F-5A5A6DC02F65}.Release|Any CPU.Build.0 = Release|Any CPU
		{67CBC824-A49E-4E9B-A947-360F3DFE65C3}.Debug|Any CPU.ActiveCfg = Debug|Any CPU
		{67CBC824-A49E-4E9B-A947-360F3DFE65C3}.Debug|Any CPU.Build.0 = Debug|Any CPU
		{67CBC824-A49E-4E9B-A947-360F3DFE65C3}.Debug|Any CPU.Deploy.0 = Debug|Any CPU
		{67CBC824-A49E-4E9B-A947-360F3DFE65C3}.Release|Any CPU.ActiveCfg = Release|Any CPU
		{67CBC824-A49E-4E9B-A947-360F3DFE65C3}.Release|Any CPU.Build.0 = Release|Any CPU
		{67CBC824-A49E-4E9B-A947-360F3DFE65C3}.Release|Any CPU.Deploy.0 = Release|Any CPU
		{EA68B403-46DF-4C40-A652-E36BAFC57D32}.Debug|Any CPU.ActiveCfg = Debug|Any CPU
		{EA68B403-46DF-4C40-A652-E36BAFC57D32}.Debug|Any CPU.Build.0 = Debug|Any CPU
		{EA68B403-46DF-4C40-A652-E36BAFC57D32}.Release|Any CPU.ActiveCfg = Release|Any CPU
		{EA68B403-46DF-4C40-A652-E36BAFC57D32}.Release|Any CPU.Build.0 = Release|Any CPU
		{D273A314-DF97-49C1-B5E2-F365BE7A2713}.Debug|Any CPU.ActiveCfg = Debug|Any CPU
		{D273A314-DF97-49C1-B5E2-F365BE7A2713}.Debug|Any CPU.Build.0 = Debug|Any CPU
		{D273A314-DF97-49C1-B5E2-F365BE7A2713}.Release|Any CPU.ActiveCfg = Release|Any CPU
		{D273A314-DF97-49C1-B5E2-F365BE7A2713}.Release|Any CPU.Build.0 = Release|Any CPU
		{ACD3B600-1870-4F4C-A493-432CE2D8A1EA}.Debug|Any CPU.ActiveCfg = Debug|Any CPU
		{ACD3B600-1870-4F4C-A493-432CE2D8A1EA}.Debug|Any CPU.Build.0 = Debug|Any CPU
		{ACD3B600-1870-4F4C-A493-432CE2D8A1EA}.Release|Any CPU.ActiveCfg = Release|Any CPU
		{ACD3B600-1870-4F4C-A493-432CE2D8A1EA}.Release|Any CPU.Build.0 = Release|Any CPU
		{C3EFE424-3711-405A-9891-E38CD6639DA8}.Debug|Any CPU.ActiveCfg = Debug|Any CPU
		{C3EFE424-3711-405A-9891-E38CD6639DA8}.Debug|Any CPU.Build.0 = Debug|Any CPU
		{C3EFE424-3711-405A-9891-E38CD6639DA8}.Release|Any CPU.ActiveCfg = Release|Any CPU
		{C3EFE424-3711-405A-9891-E38CD6639DA8}.Release|Any CPU.Build.0 = Release|Any CPU
		{B973AE3D-E411-4549-A709-22723A92154E}.Debug|Any CPU.ActiveCfg = Debug|Any CPU
		{B973AE3D-E411-4549-A709-22723A92154E}.Debug|Any CPU.Build.0 = Debug|Any CPU
		{B973AE3D-E411-4549-A709-22723A92154E}.Release|Any CPU.ActiveCfg = Release|Any CPU
		{B973AE3D-E411-4549-A709-22723A92154E}.Release|Any CPU.Build.0 = Release|Any CPU
		{DFE77D58-50C8-4506-8A1F-76B57AC66236}.Debug|Any CPU.ActiveCfg = Debug|Any CPU
		{DFE77D58-50C8-4506-8A1F-76B57AC66236}.Debug|Any CPU.Build.0 = Debug|Any CPU
		{DFE77D58-50C8-4506-8A1F-76B57AC66236}.Debug|Any CPU.Deploy.0 = Debug|Any CPU
		{DFE77D58-50C8-4506-8A1F-76B57AC66236}.Release|Any CPU.ActiveCfg = Release|Any CPU
		{DFE77D58-50C8-4506-8A1F-76B57AC66236}.Release|Any CPU.Build.0 = Release|Any CPU
		{DFE77D58-50C8-4506-8A1F-76B57AC66236}.Release|Any CPU.Deploy.0 = Release|Any CPU
		{032F1BD2-B3BB-4282-91D3-D5E18DC4C1CD}.Debug|Any CPU.ActiveCfg = Debug|Any CPU
		{032F1BD2-B3BB-4282-91D3-D5E18DC4C1CD}.Debug|Any CPU.Build.0 = Debug|Any CPU
		{032F1BD2-B3BB-4282-91D3-D5E18DC4C1CD}.Release|Any CPU.ActiveCfg = Release|Any CPU
		{032F1BD2-B3BB-4282-91D3-D5E18DC4C1CD}.Release|Any CPU.Build.0 = Release|Any CPU
		{EE6DBCC0-ED04-4700-8F96-517782A5CC8F}.Debug|Any CPU.ActiveCfg = Debug|Any CPU
		{EE6DBCC0-ED04-4700-8F96-517782A5CC8F}.Debug|Any CPU.Build.0 = Debug|Any CPU
		{EE6DBCC0-ED04-4700-8F96-517782A5CC8F}.Release|Any CPU.ActiveCfg = Release|Any CPU
		{EE6DBCC0-ED04-4700-8F96-517782A5CC8F}.Release|Any CPU.Build.0 = Release|Any CPU
	EndGlobalSection
	GlobalSection(SolutionProperties) = preSolution
		HideSolutionNode = FALSE
	EndGlobalSection
	GlobalSection(NestedProjects) = preSolution
		{2BB54CD7-232B-40BB-9962-620B8192E939} = {C0DA2788-F1DB-4F26-B365-FC69B37BFE93}
		{A510A994-B583-4B7A-8EC1-7F55CD465154} = {C0DA2788-F1DB-4F26-B365-FC69B37BFE93}
		{CA7A79AF-8F40-4CBE-B305-43C08CE16F56} = {2BB54CD7-232B-40BB-9962-620B8192E939}
		{79CDAA60-9CAA-41DE-9E22-7B0E1E1370A6} = {CA7A79AF-8F40-4CBE-B305-43C08CE16F56}
		{FC4DF1F6-FFD7-4F36-BD9B-9EDCF658585A} = {CA7A79AF-8F40-4CBE-B305-43C08CE16F56}
		{F286DAB9-86C3-41E0-87A8-CA189DBD16CB} = {CA7A79AF-8F40-4CBE-B305-43C08CE16F56}
		{BB3FDDFA-3570-4D98-9EA0-DD9E28D1FE3F} = {CA7A79AF-8F40-4CBE-B305-43C08CE16F56}
		{578F9393-D58D-4188-87DD-8C59E5F9F496} = {CA7A79AF-8F40-4CBE-B305-43C08CE16F56}
		{2A0B83B7-60E3-4958-BDDF-E507F255DCF8} = {A510A994-B583-4B7A-8EC1-7F55CD465154}
		{2CA91385-4DF3-4EDF-BDE5-5A425B996956} = {A510A994-B583-4B7A-8EC1-7F55CD465154}
		{F0C3232D-A89A-4ED5-A654-6F4959E153D2} = {A510A994-B583-4B7A-8EC1-7F55CD465154}
		{7F993935-AD74-4AFE-AB7B-CDEE061CC421} = {A510A994-B583-4B7A-8EC1-7F55CD465154}
		{B973AE3D-E411-4549-A709-22723A92154E} = {A510A994-B583-4B7A-8EC1-7F55CD465154}
		{B8FC01F6-FC7D-46FF-900F-5A5A6DC02F65} = {C1AB7B6D-2E4D-480E-A849-EAD2C40FBC4B}
		{67CBC824-A49E-4E9B-A947-360F3DFE65C3} = {C1AB7B6D-2E4D-480E-A849-EAD2C40FBC4B}
		{DFE77D58-50C8-4506-8A1F-76B57AC66236} = {C1AB7B6D-2E4D-480E-A849-EAD2C40FBC4B}
		{150FD2E9-3497-474A-9A10-9E2CE8F49E9C} = {5AF19B03-758B-4FBC-98DD-54EE60ACA5A3}
		{AED9F645-99C6-4172-8D18-2F8BDD7922A2} = {5AF19B03-758B-4FBC-98DD-54EE60ACA5A3}
		{A0CB42A8-2BD4-468E-83C0-73F19BC83202} = {5AF19B03-758B-4FBC-98DD-54EE60ACA5A3}
		{50CBCC3F-6043-40F2-9A88-EE2B27F928B4} = {5AF19B03-758B-4FBC-98DD-54EE60ACA5A3}
		{D273A314-DF97-49C1-B5E2-F365BE7A2713} = {5AF19B03-758B-4FBC-98DD-54EE60ACA5A3}
		{C3EFE424-3711-405A-9891-E38CD6639DA8} = {5AF19B03-758B-4FBC-98DD-54EE60ACA5A3}
		{A844CD45-EDA4-4FA9-9DC7-E5EE299DE3DC} = {4A0B359E-5163-494B-8C85-4B6432F1CF0A}
		{0CD88831-F3C4-465C-949B-23E567DC28FD} = {4A0B359E-5163-494B-8C85-4B6432F1CF0A}
		{EA68B403-46DF-4C40-A652-E36BAFC57D32} = {4A0B359E-5163-494B-8C85-4B6432F1CF0A}
		{ACD3B600-1870-4F4C-A493-432CE2D8A1EA} = {4A0B359E-5163-494B-8C85-4B6432F1CF0A}
		{032F1BD2-B3BB-4282-91D3-D5E18DC4C1CD} = {96C77214-4F29-49CF-9AA5-086148D0AF74}
		{EE6DBCC0-ED04-4700-8F96-517782A5CC8F} = {96C77214-4F29-49CF-9AA5-086148D0AF74}
	EndGlobalSection
EndGlobal
